// !$*UTF8*$!
{
	archiveVersion = 1;
	classes = {
	};
	objectVersion = 50;
	objects = {

/* Begin PBXBuildFile section */
		443A877A2311B37400A2FA30 /* AppDelegate.swift in Sources */ = {isa = PBXBuildFile; fileRef = 443A87792311B37400A2FA30 /* AppDelegate.swift */; };
		443A877C2311B37400A2FA30 /* SceneDelegate.swift in Sources */ = {isa = PBXBuildFile; fileRef = 443A877B2311B37400A2FA30 /* SceneDelegate.swift */; };
		443A877E2311B37400A2FA30 /* ViewController.swift in Sources */ = {isa = PBXBuildFile; fileRef = 443A877D2311B37400A2FA30 /* ViewController.swift */; };
		443A87812311B37400A2FA30 /* Main.storyboard in Resources */ = {isa = PBXBuildFile; fileRef = 443A877F2311B37400A2FA30 /* Main.storyboard */; };
		443A87832311B37600A2FA30 /* Assets.xcassets in Resources */ = {isa = PBXBuildFile; fileRef = 443A87822311B37600A2FA30 /* Assets.xcassets */; };
		443A87862311B37600A2FA30 /* LaunchScreen.storyboard in Resources */ = {isa = PBXBuildFile; fileRef = 443A87842311B37600A2FA30 /* LaunchScreen.storyboard */; };
		443A878E2311B3E000A2FA30 /* MainTabBarController.swift in Sources */ = {isa = PBXBuildFile; fileRef = 443A878D2311B3E000A2FA30 /* MainTabBarController.swift */; };
		443A87902311B48800A2FA30 /* PhotosCollectionViewController.swift in Sources */ = {isa = PBXBuildFile; fileRef = 443A878F2311B48800A2FA30 /* PhotosCollectionViewController.swift */; };
		443A87922311CA9600A2FA30 /* NetworkService.swift in Sources */ = {isa = PBXBuildFile; fileRef = 443A87912311CA9600A2FA30 /* NetworkService.swift */; };
/* End PBXBuildFile section */

/* Begin PBXFileReference section */
		443A87762311B37400A2FA30 /* WeeklySwift#1(PhotosLibrary).app */ = {isa = PBXFileReference; explicitFileType = wrapper.application; includeInIndex = 0; path = "WeeklySwift#1(PhotosLibrary).app"; sourceTree = BUILT_PRODUCTS_DIR; };
		443A87792311B37400A2FA30 /* AppDelegate.swift */ = {isa = PBXFileReference; lastKnownFileType = sourcecode.swift; path = AppDelegate.swift; sourceTree = "<group>"; };
		443A877B2311B37400A2FA30 /* SceneDelegate.swift */ = {isa = PBXFileReference; lastKnownFileType = sourcecode.swift; path = SceneDelegate.swift; sourceTree = "<group>"; };
		443A877D2311B37400A2FA30 /* ViewController.swift */ = {isa = PBXFileReference; lastKnownFileType = sourcecode.swift; path = ViewController.swift; sourceTree = "<group>"; };
		443A87802311B37400A2FA30 /* Base */ = {isa = PBXFileReference; lastKnownFileType = file.storyboard; name = Base; path = Base.lproj/Main.storyboard; sourceTree = "<group>"; };
		443A87822311B37600A2FA30 /* Assets.xcassets */ = {isa = PBXFileReference; lastKnownFileType = folder.assetcatalog; path = Assets.xcassets; sourceTree = "<group>"; };
		443A87852311B37600A2FA30 /* Base */ = {isa = PBXFileReference; lastKnownFileType = file.storyboard; name = Base; path = Base.lproj/LaunchScreen.storyboard; sourceTree = "<group>"; };
		443A87872311B37600A2FA30 /* Info.plist */ = {isa = PBXFileReference; lastKnownFileType = text.plist.xml; path = Info.plist; sourceTree = "<group>"; };
		443A878D2311B3E000A2FA30 /* MainTabBarController.swift */ = {isa = PBXFileReference; lastKnownFileType = sourcecode.swift; path = MainTabBarController.swift; sourceTree = "<group>"; };
		443A878F2311B48800A2FA30 /* PhotosCollectionViewController.swift */ = {isa = PBXFileReference; lastKnownFileType = sourcecode.swift; path = PhotosCollectionViewController.swift; sourceTree = "<group>"; };
		443A87912311CA9600A2FA30 /* NetworkService.swift */ = {isa = PBXFileReference; lastKnownFileType = sourcecode.swift; path = NetworkService.swift; sourceTree = "<group>"; };
/* End PBXFileReference section */

/* Begin PBXFrameworksBuildPhase section */
		443A87732311B37400A2FA30 /* Frameworks */ = {
			isa = PBXFrameworksBuildPhase;
			buildActionMask = 2147483647;
			files = (
			);
			runOnlyForDeploymentPostprocessing = 0;
		};
/* End PBXFrameworksBuildPhase section */

/* Begin PBXGroup section */
		443A876D2311B37400A2FA30 = {
			isa = PBXGroup;
			children = (
				443A87782311B37400A2FA30 /* WeeklySwift#1(PhotosLibrary) */,
				443A87772311B37400A2FA30 /* Products */,
			);
			sourceTree = "<group>";
		};
		443A87772311B37400A2FA30 /* Products */ = {
			isa = PBXGroup;
			children = (
				443A87762311B37400A2FA30 /* WeeklySwift#1(PhotosLibrary).app */,
			);
			name = Products;
			sourceTree = "<group>";
		};
		443A87782311B37400A2FA30 /* WeeklySwift#1(PhotosLibrary) */ = {
			isa = PBXGroup;
			children = (
				443A87792311B37400A2FA30 /* AppDelegate.swift */,
				443A877B2311B37400A2FA30 /* SceneDelegate.swift */,
				443A878D2311B3E000A2FA30 /* MainTabBarController.swift */,
				443A878F2311B48800A2FA30 /* PhotosCollectionViewController.swift */,
				443A87912311CA9600A2FA30 /* NetworkService.swift */,
				443A877D2311B37400A2FA30 /* ViewController.swift */,
				443A877F2311B37400A2FA30 /* Main.storyboard */,
				443A87822311B37600A2FA30 /* Assets.xcassets */,
				443A87842311B37600A2FA30 /* LaunchScreen.storyboard */,
				443A87872311B37600A2FA30 /* Info.plist */,
			);
			path = "WeeklySwift#1(PhotosLibrary)";
			sourceTree = "<group>";
		};
/* End PBXGroup section */

/* Begin PBXNativeTarget section */
		443A87752311B37400A2FA30 /* WeeklySwift#1(PhotosLibrary) */ = {
			isa = PBXNativeTarget;
			buildConfigurationList = 443A878A2311B37600A2FA30 /* Build configuration list for PBXNativeTarget "WeeklySwift#1(PhotosLibrary)" */;
			buildPhases = (
				443A87722311B37400A2FA30 /* Sources */,
				443A87732311B37400A2FA30 /* Frameworks */,
				443A87742311B37400A2FA30 /* Resources */,
			);
			buildRules = (
			);
			dependencies = (
			);
			name = "WeeklySwift#1(PhotosLibrary)";
			productName = "WeeklySwift#1(PhotosLibrary)";
			productReference = 443A87762311B37400A2FA30 /* WeeklySwift#1(PhotosLibrary).app */;
			productType = "com.apple.product-type.application";
		};
/* End PBXNativeTarget section */

/* Begin PBXProject section */
		443A876E2311B37400A2FA30 /* Project object */ = {
			isa = PBXProject;
			attributes = {
				LastSwiftUpdateCheck = 1100;
				LastUpgradeCheck = 1100;
				ORGANIZATIONNAME = "Ruslan Filistovich";
				TargetAttributes = {
					443A87752311B37400A2FA30 = {
						CreatedOnToolsVersion = 11.0;
					};
				};
			};
			buildConfigurationList = 443A87712311B37400A2FA30 /* Build configuration list for PBXProject "WeeklySwift#1(PhotosLibrary)" */;
			compatibilityVersion = "Xcode 9.3";
			developmentRegion = en;
			hasScannedForEncodings = 0;
			knownRegions = (
				en,
				Base,
			);
			mainGroup = 443A876D2311B37400A2FA30;
			productRefGroup = 443A87772311B37400A2FA30 /* Products */;
			projectDirPath = "";
			projectRoot = "";
			targets = (
				443A87752311B37400A2FA30 /* WeeklySwift#1(PhotosLibrary) */,
			);
		};
/* End PBXProject section */

/* Begin PBXResourcesBuildPhase section */
		443A87742311B37400A2FA30 /* Resources */ = {
			isa = PBXResourcesBuildPhase;
			buildActionMask = 2147483647;
			files = (
				443A87862311B37600A2FA30 /* LaunchScreen.storyboard in Resources */,
				443A87832311B37600A2FA30 /* Assets.xcassets in Resources */,
				443A87812311B37400A2FA30 /* Main.storyboard in Resources */,
			);
			runOnlyForDeploymentPostprocessing = 0;
		};
/* End PBXResourcesBuildPhase section */

/* Begin PBXSourcesBuildPhase section */
		443A87722311B37400A2FA30 /* Sources */ = {
			isa = PBXSourcesBuildPhase;
			buildActionMask = 2147483647;
			files = (
				443A877E2311B37400A2FA30 /* ViewController.swift in Sources */,
				443A877A2311B37400A2FA30 /* AppDelegate.swift in Sources */,
				443A878E2311B3E000A2FA30 /* MainTabBarController.swift in Sources */,
				443A87902311B48800A2FA30 /* PhotosCollectionViewController.swift in Sources */,
				443A87922311CA9600A2FA30 /* NetworkService.swift in Sources */,
				443A877C2311B37400A2FA30 /* SceneDelegate.swift in Sources */,
			);
			runOnlyForDeploymentPostprocessing = 0;
		};
/* End PBXSourcesBuildPhase section */

/* Begin PBXVariantGroup section */
		443A877F2311B37400A2FA30 /* Main.storyboard */ = {
			isa = PBXVariantGroup;
			children = (
				443A87802311B37400A2FA30 /* Base */,
			);
			name = Main.storyboard;
			sourceTree = "<group>";
		};
		443A87842311B37600A2FA30 /* LaunchScreen.storyboard */ = {
			isa = PBXVariantGroup;
			children = (
				443A87852311B37600A2FA30 /* Base */,
			);
			name = LaunchScreen.storyboard;
			sourceTree = "<group>";
		};
/* End PBXVariantGroup section */

/* Begin XCBuildConfiguration section */
		443A87882311B37600A2FA30 /* Debug */ = {
			isa = XCBuildConfiguration;
			buildSettings = {
				ALWAYS_SEARCH_USER_PATHS = NO;
				CLANG_ANALYZER_NONNULL = YES;
				CLANG_ANALYZER_NUMBER_OBJECT_CONVERSION = YES_AGGRESSIVE;
				CLANG_CXX_LANGUAGE_STANDARD = "gnu++14";
				CLANG_CXX_LIBRARY = "libc++";
				CLANG_ENABLE_MODULES = YES;
				CLANG_ENABLE_OBJC_ARC = YES;
				CLANG_ENABLE_OBJC_WEAK = YES;
				CLANG_WARN_BLOCK_CAPTURE_AUTORELEASING = YES;
				CLANG_WARN_BOOL_CONVERSION = YES;
				CLANG_WARN_COMMA = YES;
				CLANG_WARN_CONSTANT_CONVERSION = YES;
				CLANG_WARN_DEPRECATED_OBJC_IMPLEMENTATIONS = YES;
				CLANG_WARN_DIRECT_OBJC_ISA_USAGE = YES_ERROR;
				CLANG_WARN_DOCUMENTATION_COMMENTS = YES;
				CLANG_WARN_EMPTY_BODY = YES;
				CLANG_WARN_ENUM_CONVERSION = YES;
				CLANG_WARN_INFINITE_RECURSION = YES;
				CLANG_WARN_INT_CONVERSION = YES;
				CLANG_WARN_NON_LITERAL_NULL_CONVERSION = YES;
				CLANG_WARN_OBJC_IMPLICIT_RETAIN_SELF = YES;
				CLANG_WARN_OBJC_LITERAL_CONVERSION = YES;
				CLANG_WARN_OBJC_ROOT_CLASS = YES_ERROR;
				CLANG_WARN_RANGE_LOOP_ANALYSIS = YES;
				CLANG_WARN_STRICT_PROTOTYPES = YES;
				CLANG_WARN_SUSPICIOUS_MOVE = YES;
				CLANG_WARN_UNGUARDED_AVAILABILITY = YES_AGGRESSIVE;
				CLANG_WARN_UNREACHABLE_CODE = YES;
				CLANG_WARN__DUPLICATE_METHOD_MATCH = YES;
				COPY_PHASE_STRIP = NO;
				DEBUG_INFORMATION_FORMAT = dwarf;
				ENABLE_STRICT_OBJC_MSGSEND = YES;
				ENABLE_TESTABILITY = YES;
				GCC_C_LANGUAGE_STANDARD = gnu11;
				GCC_DYNAMIC_NO_PIC = NO;
				GCC_NO_COMMON_BLOCKS = YES;
				GCC_OPTIMIZATION_LEVEL = 0;
				GCC_PREPROCESSOR_DEFINITIONS = (
					"DEBUG=1",
					"$(inherited)",
				);
				GCC_WARN_64_TO_32_BIT_CONVERSION = YES;
				GCC_WARN_ABOUT_RETURN_TYPE = YES_ERROR;
				GCC_WARN_UNDECLARED_SELECTOR = YES;
				GCC_WARN_UNINITIALIZED_AUTOS = YES_AGGRESSIVE;
				GCC_WARN_UNUSED_FUNCTION = YES;
				GCC_WARN_UNUSED_VARIABLE = YES;
				IPHONEOS_DEPLOYMENT_TARGET = 13.0;
				MTL_ENABLE_DEBUG_INFO = INCLUDE_SOURCE;
				MTL_FAST_MATH = YES;
				ONLY_ACTIVE_ARCH = YES;
				SDKROOT = iphoneos;
				SWIFT_ACTIVE_COMPILATION_CONDITIONS = DEBUG;
				SWIFT_OPTIMIZATION_LEVEL = "-Onone";
			};
			name = Debug;
		};
		443A87892311B37600A2FA30 /* Release */ = {
			isa = XCBuildConfiguration;
			buildSettings = {
				ALWAYS_SEARCH_USER_PATHS = NO;
				CLANG_ANALYZER_NONNULL = YES;
				CLANG_ANALYZER_NUMBER_OBJECT_CONVERSION = YES_AGGRESSIVE;
				CLANG_CXX_LANGUAGE_STANDARD = "gnu++14";
				CLANG_CXX_LIBRARY = "libc++";
				CLANG_ENABLE_MODULES = YES;
				CLANG_ENABLE_OBJC_ARC = YES;
				CLANG_ENABLE_OBJC_WEAK = YES;
				CLANG_WARN_BLOCK_CAPTURE_AUTORELEASING = YES;
				CLANG_WARN_BOOL_CONVERSION = YES;
				CLANG_WARN_COMMA = YES;
				CLANG_WARN_CONSTANT_CONVERSION = YES;
				CLANG_WARN_DEPRECATED_OBJC_IMPLEMENTATIONS = YES;
				CLANG_WARN_DIRECT_OBJC_ISA_USAGE = YES_ERROR;
				CLANG_WARN_DOCUMENTATION_COMMENTS = YES;
				CLANG_WARN_EMPTY_BODY = YES;
				CLANG_WARN_ENUM_CONVERSION = YES;
				CLANG_WARN_INFINITE_RECURSION = YES;
				CLANG_WARN_INT_CONVERSION = YES;
				CLANG_WARN_NON_LITERAL_NULL_CONVERSION = YES;
				CLANG_WARN_OBJC_IMPLICIT_RETAIN_SELF = YES;
				CLANG_WARN_OBJC_LITERAL_CONVERSION = YES;
				CLANG_WARN_OBJC_ROOT_CLASS = YES_ERROR;
				CLANG_WARN_RANGE_LOOP_ANALYSIS = YES;
				CLANG_WARN_STRICT_PROTOTYPES = YES;
				CLANG_WARN_SUSPICIOUS_MOVE = YES;
				CLANG_WARN_UNGUARDED_AVAILABILITY = YES_AGGRESSIVE;
				CLANG_WARN_UNREACHABLE_CODE = YES;
				CLANG_WARN__DUPLICATE_METHOD_MATCH = YES;
				COPY_PHASE_STRIP = NO;
				DEBUG_INFORMATION_FORMAT = "dwarf-with-dsym";
				ENABLE_NS_ASSERTIONS = NO;
				ENABLE_STRICT_OBJC_MSGSEND = YES;
				GCC_C_LANGUAGE_STANDARD = gnu11;
				GCC_NO_COMMON_BLOCKS = YES;
				GCC_WARN_64_TO_32_BIT_CONVERSION = YES;
				GCC_WARN_ABOUT_RETURN_TYPE = YES_ERROR;
				GCC_WARN_UNDECLARED_SELECTOR = YES;
				GCC_WARN_UNINITIALIZED_AUTOS = YES_AGGRESSIVE;
				GCC_WARN_UNUSED_FUNCTION = YES;
				GCC_WARN_UNUSED_VARIABLE = YES;
				IPHONEOS_DEPLOYMENT_TARGET = 13.0;
				MTL_ENABLE_DEBUG_INFO = NO;
				MTL_FAST_MATH = YES;
				SDKROOT = iphoneos;
				SWIFT_COMPILATION_MODE = wholemodule;
				SWIFT_OPTIMIZATION_LEVEL = "-O";
				VALIDATE_PRODUCT = YES;
			};
			name = Release;
		};
		443A878B2311B37600A2FA30 /* Debug */ = {
			isa = XCBuildConfiguration;
			buildSettings = {
				ASSETCATALOG_COMPILER_APPICON_NAME = AppIcon;
				CODE_SIGN_STYLE = Automatic;
				INFOPLIST_FILE = "WeeklySwift#1(PhotosLibrary)/Info.plist";
				LD_RUNPATH_SEARCH_PATHS = (
					"$(inherited)",
					"@executable_path/Frameworks",
				);
				PRODUCT_BUNDLE_IDENTIFIER = "bulllls.WeeklySwift-1-PhotosLibrary-";
				PRODUCT_NAME = "$(TARGET_NAME)";
				SWIFT_VERSION = 5.0;
				TARGETED_DEVICE_FAMILY = "1,2";
			};
			name = Debug;
		};
		443A878C2311B37600A2FA30 /* Release */ = {
			isa = XCBuildConfiguration;
			buildSettings = {
				ASSETCATALOG_COMPILER_APPICON_NAME = AppIcon;
				CODE_SIGN_STYLE = Automatic;
				INFOPLIST_FILE = "WeeklySwift#1(PhotosLibrary)/Info.plist";
				LD_RUNPATH_SEARCH_PATHS = (
					"$(inherited)",
					"@executable_path/Frameworks",
				);
				PRODUCT_BUNDLE_IDENTIFIER = "bulllls.WeeklySwift-1-PhotosLibrary-";
				PRODUCT_NAME = "$(TARGET_NAME)";
				SWIFT_VERSION = 5.0;
				TARGETED_DEVICE_FAMILY = "1,2";
			};
			name = Release;
		};
/* End XCBuildConfiguration section */

/* Begin XCConfigurationList section */
		443A87712311B37400A2FA30 /* Build configuration list for PBXProject "WeeklySwift#1(PhotosLibrary)" */ = {
			isa = XCConfigurationList;
			buildConfigurations = (
				443A87882311B37600A2FA30 /* Debug */,
				443A87892311B37600A2FA30 /* Release */,
			);
			defaultConfigurationIsVisible = 0;
			defaultConfigurationName = Release;
		};
		443A878A2311B37600A2FA30 /* Build configuration list for PBXNativeTarget "WeeklySwift#1(PhotosLibrary)" */ = {
			isa = XCConfigurationList;
			buildConfigurations = (
				443A878B2311B37600A2FA30 /* Debug */,
				443A878C2311B37600A2FA30 /* Release */,
			);
			defaultConfigurationIsVisible = 0;
			defaultConfigurationName = Release;
		};
/* End XCConfigurationList section */
	};
	rootObject = 443A876E2311B37400A2FA30 /* Project object */;
}
